
Microsoft Visual Studio Solution File, Format Version 12.00
# Visual Studio Version 16
VisualStudioVersion = 16.0.29215.179
MinimumVisualStudioVersion = 10.0.40219.1
Project("{FAE04EC0-301F-11D3-BF4B-00C04F79EFBC}") = "CashRegister", "CashRegister\CashRegister.csproj", "{BE2B4891-42F7-4B18-B4E5-75B5E21BD145}"
EndProject
Global
	GlobalSection(SolutionConfigurationPlatforms) = preSolution
		Debug|Any CPU = Debug|Any CPU
		Release|Any CPU = Release|Any CPU
	EndGlobalSection
	GlobalSection(ProjectConfigurationPlatforms) = postSolution
		{BE2B4891-42F7-4B18-B4E5-75B5E21BD145}.Debug|Any CPU.ActiveCfg = Debug|Any CPU
		{BE2B4891-42F7-4B18-B4E5-75B5E21BD145}.Debug|Any CPU.Build.0 = Debug|Any CPU
		{BE2B4891-42F7-4B18-B4E5-75B5E21BD145}.Release|Any CPU.ActiveCfg = Release|Any CPU
		{BE2B4891-42F7-4B18-B4E5-75B5E21BD145}.Release|Any CPU.Build.0 = Release|Any CPU
	EndGlobalSection
	GlobalSection(SolutionProperties) = preSolution
		HideSolutionNode = FALSE
	EndGlobalSection
	GlobalSection(ExtensibilityGlobals) = postSolution
		SolutionGuid = {114282C0-8D56-4686-82E5-1C7BA18078F7}
	EndGlobalSection
EndGlobal
